
Microsoft Visual Studio Solution File, Format Version 12.00
# Visual Studio Version 17
VisualStudioVersion = 17.5.002.0
MinimumVisualStudioVersion = 10.0.40219.1
Project("{9A19103F-16F7-4668-BE54-9A1E7A4F7556}") = "SurfForecast", "SurfForecast.csproj", "{FAF40686-97C1-40F8-A98A-06E49E4D2306}"
EndProject
Global
	GlobalSection(SolutionConfigurationPlatforms) = preSolution
		Debug|Any CPU = Debug|Any CPU
		Release|Any CPU = Release|Any CPU
	EndGlobalSection
	GlobalSection(ProjectConfigurationPlatforms) = postSolution
		{FAF40686-97C1-40F8-A98A-06E49E4D2306}.Debug|Any CPU.ActiveCfg = Debug|Any CPU
		{FAF40686-97C1-40F8-A98A-06E49E4D2306}.Debug|Any CPU.Build.0 = Debug|Any CPU
		{FAF40686-97C1-40F8-A98A-06E49E4D2306}.Release|Any CPU.ActiveCfg = Release|Any CPU
		{FAF40686-97C1-40F8-A98A-06E49E4D2306}.Release|Any CPU.Build.0 = Release|Any CPU
	EndGlobalSection
	GlobalSection(SolutionProperties) = preSolution
		HideSolutionNode = FALSE
	EndGlobalSection
	GlobalSection(ExtensibilityGlobals) = postSolution
		SolutionGuid = {E0A46CAE-AE9C-465E-B695-570BD879BEF1}
	EndGlobalSection
EndGlobal
